<?xml version="1.0" encoding="utf-8"?>
<Project ToolsVersion="4.0" xmlns="http://schemas.microsoft.com/developer/msbuild/2003">
  <ItemGroup>
    <Filter Include="Source Files">
      <UniqueIdentifier>{4FC737F1-C7A5-4376-A066-2A32D752A2FF}</UniqueIdentifier>
      <Extensions>cpp;c;cc;cxx;def;odl;idl;hpj;bat;asm;asmx</Extensions>
    </Filter>
    <Filter Include="Header Files">
      <UniqueIdentifier>{93995380-89BD-4b04-88EB-625FBE52EBFB}</UniqueIdentifier>
      <Extensions>h;hh;hpp;hxx;hm;inl;inc;ipp;xsd</Extensions>
    </Filter>
    <Filter Include="Resource Files">
      <UniqueIdentifier>{67DA6AB6-F800-4c08-8B7A-83BB121AAD01}</UniqueIdentifier>
      <Extensions>rc;ico;cur;bmp;dlg;rc2;rct;bin;rgs;gif;jpg;jpeg;jpe;resx;tiff;tif;png;wav;mfcribbon-ms</Extensions>
    </Filter>
  </ItemGroup>
  <ItemGroup>
    <ClCompile Include="src\engine\display\window.cpp">
      <Filter>Source Files</Filter>
    </ClCompile>
    <ClCompile Include="src\engine\input\input.cpp">
      <Filter>Source Files</Filter>
    </ClCompile>
    <ClCompile Include="src\engine\logger\Logger.cpp">
      <Filter>Source Files</Filter>
    </ClCompile>
    <ClCompile Include="src\engine\renderer\instance_renderer.cpp">
      <Filter>Source Files</Filter>
    </ClCompile>
    <ClCompile Include="src\engine\renderer\renderer.cpp">
      <Filter>Source Files</Filter>
    </ClCompile>
    <ClCompile Include="src\engine\renderer\shader.cpp">
      <Filter>Source Files</Filter>
    </ClCompile>
    <ClCompile Include="src\engine\time\time.cpp">
      <Filter>Source Files</Filter>
    </ClCompile>
    <ClCompile Include="src\engine\math\math.cpp">
      <Filter>Source Files</Filter>
    </ClCompile>
    <ClCompile Include="src\engine\physics\physics.cpp">
      <Filter>Source Files</Filter>
    </ClCompile>
    <ClCompile Include="src\engine\application\application.cpp">
      <Filter>Source Files</Filter>
    </ClCompile>
    <ClCompile Include="src\demoes\asteroids\main.cpp">
      <Filter>Source Files</Filter>
    </ClCompile>
    <ClCompile Include="src\demoes\asteroids\asteroid.cpp">
      <Filter>Source Files</Filter>
    </ClCompile>
    <ClCompile Include="src\demoes\asteroids\main_menu.cpp">
      <Filter>Source Files</Filter>
    </ClCompile>
    <ClCompile Include="src\demoes\asteroids\game_play.cpp">
      <Filter>Source Files</Filter>
    </ClCompile>
    <ClCompile Include="src\demoes\asteroids\entities\space_ship.cpp">
      <Filter>Source Files</Filter>
    </ClCompile>
    <ClCompile Include="src\demoes\asteroids\entities\star.cpp">
      <Filter>Source Files</Filter>
    </ClCompile>
    <ClCompile Include="src\demoes\asteroids\systems\particle_system.cpp">
      <Filter>Source Files</Filter>
    </ClCompile>
    <ClCompile Include="src\demoes\asteroids\entities\alien.cpp">
      <Filter>Source Files</Filter>
    </ClCompile>
    <ClCompile Include="src\engine\renderer\font.cpp">
      <Filter>Source Files</Filter>
    </ClCompile>
  </ItemGroup>
  <ItemGroup>
    <ClInclude Include="src\engine\display\window.h">
      <Filter>Header Files</Filter>
    </ClInclude>
    <ClInclude Include="src\engine\input\input.h">
      <Filter>Header Files</Filter>
    </ClInclude>
    <ClInclude Include="src\engine\input\keys.h">
      <Filter>Header Files</Filter>
    </ClInclude>
    <ClInclude Include="src\engine\logger\asserts.h">
      <Filter>Header Files</Filter>
    </ClInclude>
    <ClInclude Include="src\engine\logger\Logger.h">
      <Filter>Header Files</Filter>
    </ClInclude>
    <ClInclude Include="src\engine\renderer\gl_base_elemnt.h">
      <Filter>Header Files</Filter>
    </ClInclude>
    <ClInclude Include="src\engine\renderer\instance_renderer.h">
      <Filter>Header Files</Filter>
    </ClInclude>
    <ClInclude Include="src\engine\renderer\renderer.h">
      <Filter>Header Files</Filter>
    </ClInclude>
    <ClInclude Include="src\engine\renderer\shader.h">
      <Filter>Header Files</Filter>
    </ClInclude>
    <ClInclude Include="src\engine\renderer\stb_image.h">
      <Filter>Header Files</Filter>
    </ClInclude>
    <ClInclude Include="src\engine\time\time.h">
      <Filter>Header Files</Filter>
    </ClInclude>
    <ClInclude Include="src\engine\defines.h">
      <Filter>Header Files</Filter>
    </ClInclude>
    <ClInclude Include="src\engine\utils.h">
      <Filter>Header Files</Filter>
    </ClInclude>
    <ClInclude Include="src\snap_engine.h">
      <Filter>Header Files</Filter>
    </ClInclude>
    <ClInclude Include="src\engine\math\math.h">
      <Filter>Header Files</Filter>
    </ClInclude>
    <ClInclude Include="src\engine\physics\collisions.h">
      <Filter>Header Files</Filter>
    </ClInclude>
    <ClInclude Include="src\engine\physics\physics.h">
      <Filter>Header Files</Filter>
    </ClInclude>
    <ClInclude Include="src\engine\application\application.h">
      <Filter>Header Files</Filter>
    </ClInclude>
    <ClInclude Include="src\demoes\asteroids\asteroid.h">
      <Filter>Header Files</Filter>
    </ClInclude>
    <ClInclude Include="src\demoes\asteroids\game_state.h">
      <Filter>Header Files</Filter>
    </ClInclude>
    <ClInclude Include="src\demoes\asteroids\main_menu.h">
      <Filter>Header Files</Filter>
    </ClInclude>
    <ClInclude Include="src\demoes\asteroids\game_play.h">
      <Filter>Header Files</Filter>
    </ClInclude>
    <ClInclude Include="src\demoes\asteroids\entities\space_ship.h">
      <Filter>Header Files</Filter>
    </ClInclude>
    <ClInclude Include="src\demoes\asteroids\entities\entt.h">
      <Filter>Header Files</Filter>
    </ClInclude>
    <ClInclude Include="src\demoes\asteroids\entities\star.h">
      <Filter>Header Files</Filter>
    </ClInclude>
    <ClInclude Include="src\demoes\asteroids\systems\particle_system.h">
      <Filter>Header Files</Filter>
    </ClInclude>
    <ClInclude Include="src\demoes\asteroids\entities\alien.h">
      <Filter>Header Files</Filter>
    </ClInclude>
    <ClInclude Include="src\engine\renderer\font.h">
      <Filter>Header Files</Filter>
    </ClInclude>
  </ItemGroup>
  <ItemGroup>
    <None Include="assets\shaders\default_fragment.glsl" />
    <None Include="assets\shaders\default_vertex.glsl" />
    <None Include="assets\shaders\instance_fragment.glsl" />
    <None Include="assets\shaders\instance_vertex.glsl" />
    <None Include="assets\shaders\sprite_fragment.glsl" />
    <None Include="assets\shaders\sprite_vertex.glsl" />
    <None Include="assets\shaders\smoothcircle_vertex.glsl" />
    <None Include="assets\shaders\smoothcircle_fragment.glsl" />
    <None Include="assets\shaders\smoothline_vertex.glsl" />
    <None Include="assets\shaders\smoothline_fragment.glsl" />
    <None Include="assets\shaders\text_vertex.glsl" />
    <None Include="assets\shaders\text_fragment.glsl" />
  </ItemGroup>
  <ItemGroup>
    <Image Include="assets\textures\enemy_large.png">
      <Filter>Resource Files</Filter>
    </Image>
  </ItemGroup>
</Project>